
Microsoft Visual Studio Solution File, Format Version 12.00
# Visual Studio Version 17
VisualStudioVersion = 17.0.32112.339
MinimumVisualStudioVersion = 10.0.40219.1
Project("{FAE04EC0-301F-11D3-BF4B-00C04F79EFBC}") = "solicitudesAPI", "solicitudesAPI\solicitudesAPI.csproj", "{3200375B-7100-4B61-BBF0-5F890414CA95}"
EndProject
Global
	GlobalSection(SolutionConfigurationPlatforms) = preSolution
		Debug|Any CPU = Debug|Any CPU
		Release|Any CPU = Release|Any CPU
	EndGlobalSection
	GlobalSection(ProjectConfigurationPlatforms) = postSolution
		{3200375B-7100-4B61-BBF0-5F890414CA95}.Debug|Any CPU.ActiveCfg = Debug|Any CPU
		{3200375B-7100-4B61-BBF0-5F890414CA95}.Debug|Any CPU.Build.0 = Debug|Any CPU
		{3200375B-7100-4B61-BBF0-5F890414CA95}.Release|Any CPU.ActiveCfg = Release|Any CPU
		{3200375B-7100-4B61-BBF0-5F890414CA95}.Release|Any CPU.Build.0 = Release|Any CPU
	EndGlobalSection
	GlobalSection(SolutionProperties) = preSolution
		HideSolutionNode = FALSE
	EndGlobalSection
	GlobalSection(ExtensibilityGlobals) = postSolution
		SolutionGuid = {A5C323FA-5A94-4309-BA9F-3460FFC5AB81}
	EndGlobalSection
EndGlobal
